# THIS IS AN AUTOGENERATED FILE. DO NOT EDIT THIS FILE DIRECTLY.
# yarn lockfile v1


"@prismicio/helpers@^1.0.4":
  version "1.0.5"
  resolved "https://registry.yarnpkg.com/@prismicio/helpers/-/helpers-1.0.5.tgz#2be60a1b44e6c33d7918fa74fe67648dc8af0c15"
  integrity sha512-TPpuAFHNxlCTrEihHnRKcq6zc0oZV0sfz5/iHoSpl5vorwPbwZWiF88JGeflNdefW4A69b5A3x3mfptKPdpoxg==

"@prismicio/richtext@^1.1.0":
  version "1.1.0"
  resolved "https://registry.yarnpkg.com/@prismicio/richtext/-/richtext-1.1.0.tgz#c8769c3d953ae42854a2aba951e3b2121682b8c7"
  integrity sha512-925JuFiZiIkwu9jmlR9O/U8xCSZk/Y6BQDXKpavoVsKo+n90ml1hGdtWkglIupX+ITQO1ZINyDgUgiY1oG9dsA==

"@types/prismic-dom@^2.1.1":
  version "2.1.1"
  resolved "https://registry.yarnpkg.com/@types/prismic-dom/-/prismic-dom-2.1.1.tgz#964f4699a3068721627674d12a0689e457e9065c"
  integrity sha512-gZSFBARo4vFnpclOq2DzU9t4wikVsZ0+lL4hXaRoeUJinhGSK+nMERcZJgXglK/+QRcw3HBPbGJzgzTqQGSuNw==

camel-case@^4.1.1:
  version "4.1.1"
  resolved "https://registry.yarnpkg.com/camel-case/-/camel-case-4.1.1.tgz#1fc41c854f00e2f7d0139dfeba1542d6896fe547"
  integrity sha512-7fa2WcG4fYFkclIvEmxBbTvmibwF2/agfEBc6q3lOpVu0A13ltLsA+Hr/8Hp6kp5f+G7hKi6t8lys6XxP+1K6Q==
  dependencies:
    pascal-case "^3.1.1"
    tslib "^1.10.0"

charenc@0.0.2:
  version "0.0.2"
  resolved "https://registry.yarnpkg.com/charenc/-/charenc-0.0.2.tgz#c0a1d2f3a7092e03774bfa83f14c0fc5790a8667"
  integrity sha1-wKHS86cJLgN3S/qD8UwPxXkKhmc=

cross-fetch@^3.0.5:
  version "3.0.6"
  resolved "https://registry.yarnpkg.com/cross-fetch/-/cross-fetch-3.0.6.tgz#3a4040bc8941e653e0e9cf17f29ebcd177d3365c"
  integrity sha512-KBPUbqgFjzWlVcURG+Svp9TlhA5uliYtiNx/0r8nv0pdypeQCRJ9IaSIc3q/x3q8t3F75cHuwxVql1HFGHCNJQ==
  dependencies:
    node-fetch "2.6.1"

crypt@0.0.2:
  version "0.0.2"
  resolved "https://registry.yarnpkg.com/crypt/-/crypt-0.0.2.tgz#88d7ff7ec0dfb86f713dc87bbb42d044d3e6c41b"
  integrity sha1-iNf/fsDfuG9xPch7u0LQRNPmxBs=

dot-case@^3.0.3:
  version "3.0.3"
  resolved "https://registry.yarnpkg.com/dot-case/-/dot-case-3.0.3.tgz#21d3b52efaaba2ea5fda875bb1aa8124521cf4aa"
  integrity sha512-7hwEmg6RiSQfm/GwPL4AAWXKy3YNNZA3oFv2Pdiey0mwkRCPZ9x6SZbkLcn8Ma5PYeVokzoD4Twv2n7LKp5WeA==
  dependencies:
    no-case "^3.0.3"
    tslib "^1.10.0"

escape-html@1.0.3:
  version "1.0.3"
  resolved "https://registry.yarnpkg.com/escape-html/-/escape-html-1.0.3.tgz#0258eae4d3d0c0974de1c169188ef0051d1d1988"
  integrity sha1-Aljq5NPQwJdN4cFpGI7wBR0dGYg=

fp-ts@^2.6.2, fp-ts@^2.8.2:
  version "2.8.3"
  resolved "https://registry.yarnpkg.com/fp-ts/-/fp-ts-2.8.3.tgz#c09652bbf21e64d65a9f93587ad549ab0e03abe7"
  integrity sha512-oGD3BTSzFCPs9alaI/2gh0SCNKyhPXkpeIBvkXNvnoczHfDAUd2HHtotCdLO0hOTTTTx8VKA0mhhR7LUNo+cKg==

gatsby-plugin-imgix@^0.8.2:
  version "0.8.2"
  resolved "https://registry.yarnpkg.com/gatsby-plugin-imgix/-/gatsby-plugin-imgix-0.8.2.tgz#f742c1889739f3c5b5c3e84a39bd66fa6426b0bc"
  integrity sha512-1ujoVMhZxLnOhaClboLkjE42y1btIWnveDVXT/Qpyogr5OsziaGiJnZP/dMg9pWTk6/O3Xu5MCqJal1fzzdQ2w==
  dependencies:
    camel-case "^4.1.1"
    fp-ts "^2.6.2"
    imgix-url-params "^11.4.3"
    md5 "^2.2.1"
    node-fetch "^2.6.0"
    param-case "^3.0.3"

imgix-url-params@^11.4.3:
  version "11.9.1"
  resolved "https://registry.yarnpkg.com/imgix-url-params/-/imgix-url-params-11.9.1.tgz#b8ac85fd666aa72a1d0a985336407612d4504d59"
  integrity sha512-qWrqFegX9hQmQ+mhoxbg8cBQRrvskdYS5KXiAv/n1m775giZPqsZhIx+qWkdGkKAMG3We+pafcP+VRqEJVgX9Q==

io-ts-types@^0.5.10:
  version "0.5.11"
  resolved "https://registry.yarnpkg.com/io-ts-types/-/io-ts-types-0.5.11.tgz#475e8680bfacee05f450c64f3b0b89f4a790dd58"
  integrity sha512-BqWYAvcSOxnKWIAYAcqF6nS+zhWRb6W+oezF2FzFt8+5a6b8PHNXmbOiV3MwRDY1G6FIctMo71QtIrExLT7LCQ==

io-ts@^2.2.10:
  version "2.2.11"
  resolved "https://registry.yarnpkg.com/io-ts/-/io-ts-2.2.11.tgz#968a02f57b740fd422c8f9cf7ee99187854636f9"
  integrity sha512-lGxyPvZNhmo1U1Hy0ovjRtXljG6F59R3bZErK9XjiIQPlt4nuzbDNSwvalXvS7Z8iSZhx2S5GpNz5tVhpnDf6w==

is-buffer@~1.1.6:
  version "1.1.6"
  resolved "https://registry.yarnpkg.com/is-buffer/-/is-buffer-1.1.6.tgz#efaa2ea9daa0d7ab2ea13a97b2b8ad51fefbe8be"
  integrity sha512-NcdALwpXkTm5Zvvbk7owOUSvVvBKDgKP5/ewfXEznmQFfs4ZRmanOeKBTjRVjka3QFoN6XJ+9F3USqfHqTaU5w==

lower-case@^2.0.1:
  version "2.0.1"
  resolved "https://registry.yarnpkg.com/lower-case/-/lower-case-2.0.1.tgz#39eeb36e396115cc05e29422eaea9e692c9408c7"
  integrity sha512-LiWgfDLLb1dwbFQZsSglpRj+1ctGnayXz3Uv0/WO8n558JycT5fg6zkNcnW0G68Nn0aEldTFeEfmjCfmqry/rQ==
  dependencies:
    tslib "^1.10.0"

md5@^2.2.1:
  version "2.3.0"
  resolved "https://registry.yarnpkg.com/md5/-/md5-2.3.0.tgz#c3da9a6aae3a30b46b7b0c349b87b110dc3bda4f"
  integrity sha512-T1GITYmFaKuO91vxyoQMFETst+O71VUPEU3ze5GNzDm0OWdP8v1ziTaAEPUr/3kLsY3Sftgz242A1SetQiDL7g==
  dependencies:
    charenc "0.0.2"
    crypt "0.0.2"
    is-buffer "~1.1.6"

no-case@^3.0.3:
  version "3.0.3"
  resolved "https://registry.yarnpkg.com/no-case/-/no-case-3.0.3.tgz#c21b434c1ffe48b39087e86cfb4d2582e9df18f8"
  integrity sha512-ehY/mVQCf9BL0gKfsJBvFJen+1V//U+0HQMPrWct40ixE4jnv0bfvxDbWtAHL9EcaPEOJHVVYKoQn1TlZUB8Tw==
  dependencies:
    lower-case "^2.0.1"
    tslib "^1.10.0"

node-fetch@2.6.1, node-fetch@^2.6.0:
  version "2.6.1"
  resolved "https://registry.yarnpkg.com/node-fetch/-/node-fetch-2.6.1.tgz#045bd323631f76ed2e2b55573394416b639a0052"
  integrity sha512-V4aYg89jEoVRxRb2fJdAg8FHvI7cEyYdVAh94HH0UIK8oJxUfkjlDQN9RbMx+bEjP7+ggMiFRprSti032Oipxw==

param-case@^3.0.3:
  version "3.0.3"
  resolved "https://registry.yarnpkg.com/param-case/-/param-case-3.0.3.tgz#4be41f8399eff621c56eebb829a5e451d9801238"
  integrity sha512-VWBVyimc1+QrzappRs7waeN2YmoZFCGXWASRYX1/rGHtXqEcrGEIDm+jqIwFa2fRXNgQEwrxaYuIrX0WcAguTA==
  dependencies:
    dot-case "^3.0.3"
    tslib "^1.10.0"

pascal-case@^3.1.1:
  version "3.1.1"
  resolved "https://registry.yarnpkg.com/pascal-case/-/pascal-case-3.1.1.tgz#5ac1975133ed619281e88920973d2cd1f279de5f"
  integrity sha512-XIeHKqIrsquVTQL2crjq3NfJUxmdLasn3TYOU0VBM+UX2a6ztAWBlJQBePLGY7VHW8+2dRadeIPK5+KImwTxQA==
  dependencies:
    no-case "^3.0.3"
    tslib "^1.10.0"

prismic-dom@^2.2.4:
  version "2.2.4"
  resolved "https://registry.yarnpkg.com/prismic-dom/-/prismic-dom-2.2.4.tgz#8bcf7775127b2d30b52ee191fcfc898230517bd4"
  integrity sha512-NLOfOSp7XVpdhWBd92RSiOZ75QISsSTQPTQN1AqcILtg1/zumqpwYKvz41tl+FeWJYfKPTHanvukhWkanfTngA==
  dependencies:
    "@prismicio/helpers" "^1.0.4"
    "@prismicio/richtext" "^1.1.0"
    escape-html "1.0.3"

prismic-javascript@^3.0.2:
  version "3.0.2"
  resolved "https://registry.yarnpkg.com/prismic-javascript/-/prismic-javascript-3.0.2.tgz#a6dcc98014a2bbcc6232954d9295b56cde453390"
  integrity sha512-9RpituEVE/eZAlj+vUVy61z2IQJdL0zRYuy+IHdiUA7/37zoiCE/Z0AbI0zAWyi5UDXizgQ2TuQTLkOm62KGwA==
  dependencies:
    cross-fetch "^3.0.5"

tslib@^1.10.0:
  version "1.14.1"
  resolved "https://registry.yarnpkg.com/tslib/-/tslib-1.14.1.tgz#cf2d38bdc34a134bcaf1091c41f6619e2f672d00"
  integrity sha512-Xni35NKzjgMrwevysHTCArtLDpPvye8zV/0E4EyYn43P7/7qvQwPh9BGkHewbMulVntbigmcT7rdX3BNo9wRJg==
